
Microsoft Visual Studio Solution File, Format Version 12.00
# Visual Studio 15
Project("{FAE04EC0-301F-11D3-BF4B-00C04F79EFBC}") = "ListaClienteApp.Android", "ListaClienteApp.Android\ListaClienteApp.Android.csproj", "{BA341728-D19D-46AD-B6AD-D5D61A0EBD20}"
EndProject
Project("{FAE04EC0-301F-11D3-BF4B-00C04F79EFBC}") = "ListaClienteApp.iOS", "ListaClienteApp.iOS\ListaClienteApp.iOS.csproj", "{3D08537E-4FB8-4A7A-B58F-C5DBC6261FD0}"
EndProject
Project("{FAE04EC0-301F-11D3-BF4B-00C04F79EFBC}") = "ListaClienteApp", "ListaClienteApp\ListaClienteApp.csproj", "{3ECA78E0-46DF-41C1-95EF-840DA3A5D210}"
EndProject
Global
	GlobalSection(SolutionConfigurationPlatforms) = preSolution
		Debug|Any CPU = Debug|Any CPU
		Release|Any CPU = Release|Any CPU
		Debug|iPhoneSimulator = Debug|iPhoneSimulator
		Release|iPhoneSimulator = Release|iPhoneSimulator
		Debug|iPhone = Debug|iPhone
		Release|iPhone = Release|iPhone
		Ad-Hoc|iPhone = Ad-Hoc|iPhone
		AppStore|iPhone = AppStore|iPhone
	EndGlobalSection
	GlobalSection(ProjectConfigurationPlatforms) = postSolution
		{BA341728-D19D-46AD-B6AD-D5D61A0EBD20}.Debug|Any CPU.ActiveCfg = Debug|Any CPU
		{BA341728-D19D-46AD-B6AD-D5D61A0EBD20}.Debug|Any CPU.Build.0 = Debug|Any CPU
		{BA341728-D19D-46AD-B6AD-D5D61A0EBD20}.Release|Any CPU.ActiveCfg = Release|Any CPU
		{BA341728-D19D-46AD-B6AD-D5D61A0EBD20}.Release|Any CPU.Build.0 = Release|Any CPU
		{BA341728-D19D-46AD-B6AD-D5D61A0EBD20}.Debug|iPhoneSimulator.ActiveCfg = Debug|Any CPU
		{BA341728-D19D-46AD-B6AD-D5D61A0EBD20}.Debug|iPhoneSimulator.Build.0 = Debug|Any CPU
		{BA341728-D19D-46AD-B6AD-D5D61A0EBD20}.Release|iPhoneSimulator.ActiveCfg = Release|Any CPU
		{BA341728-D19D-46AD-B6AD-D5D61A0EBD20}.Release|iPhoneSimulator.Build.0 = Release|Any CPU
		{BA341728-D19D-46AD-B6AD-D5D61A0EBD20}.Debug|iPhone.ActiveCfg = Debug|Any CPU
		{BA341728-D19D-46AD-B6AD-D5D61A0EBD20}.Debug|iPhone.Build.0 = Debug|Any CPU
		{BA341728-D19D-46AD-B6AD-D5D61A0EBD20}.Release|iPhone.ActiveCfg = Release|Any CPU
		{BA341728-D19D-46AD-B6AD-D5D61A0EBD20}.Release|iPhone.Build.0 = Release|Any CPU
		{BA341728-D19D-46AD-B6AD-D5D61A0EBD20}.Ad-Hoc|iPhone.ActiveCfg = Debug|Any CPU
		{BA341728-D19D-46AD-B6AD-D5D61A0EBD20}.Ad-Hoc|iPhone.Build.0 = Debug|Any CPU
		{BA341728-D19D-46AD-B6AD-D5D61A0EBD20}.AppStore|iPhone.ActiveCfg = Debug|Any CPU
		{BA341728-D19D-46AD-B6AD-D5D61A0EBD20}.AppStore|iPhone.Build.0 = Debug|Any CPU
		{3D08537E-4FB8-4A7A-B58F-C5DBC6261FD0}.Debug|Any CPU.ActiveCfg = Debug|iPhoneSimulator
		{3D08537E-4FB8-4A7A-B58F-C5DBC6261FD0}.Debug|Any CPU.Build.0 = Debug|iPhoneSimulator
		{3D08537E-4FB8-4A7A-B58F-C5DBC6261FD0}.Release|Any CPU.ActiveCfg = Release|iPhoneSimulator
		{3D08537E-4FB8-4A7A-B58F-C5DBC6261FD0}.Release|Any CPU.Build.0 = Release|iPhoneSimulator
		{3D08537E-4FB8-4A7A-B58F-C5DBC6261FD0}.Debug|iPhoneSimulator.ActiveCfg = Debug|iPhoneSimulator
		{3D08537E-4FB8-4A7A-B58F-C5DBC6261FD0}.Debug|iPhoneSimulator.Build.0 = Debug|iPhoneSimulator
		{3D08537E-4FB8-4A7A-B58F-C5DBC6261FD0}.Release|iPhoneSimulator.ActiveCfg = Release|iPhoneSimulator
		{3D08537E-4FB8-4A7A-B58F-C5DBC6261FD0}.Release|iPhoneSimulator.Build.0 = Release|iPhoneSimulator
		{3D08537E-4FB8-4A7A-B58F-C5DBC6261FD0}.Debug|iPhone.ActiveCfg = Debug|iPhone
		{3D08537E-4FB8-4A7A-B58F-C5DBC6261FD0}.Debug|iPhone.Build.0 = Debug|iPhone
		{3D08537E-4FB8-4A7A-B58F-C5DBC6261FD0}.Release|iPhone.ActiveCfg = Release|iPhone
		{3D08537E-4FB8-4A7A-B58F-C5DBC6261FD0}.Release|iPhone.Build.0 = Release|iPhone
		{3D08537E-4FB8-4A7A-B58F-C5DBC6261FD0}.Ad-Hoc|iPhone.ActiveCfg = Ad-Hoc|iPhone
		{3D08537E-4FB8-4A7A-B58F-C5DBC6261FD0}.Ad-Hoc|iPhone.Build.0 = Ad-Hoc|iPhone
		{3D08537E-4FB8-4A7A-B58F-C5DBC6261FD0}.AppStore|iPhone.ActiveCfg = AppStore|iPhone
		{3D08537E-4FB8-4A7A-B58F-C5DBC6261FD0}.AppStore|iPhone.Build.0 = AppStore|iPhone
		{3ECA78E0-46DF-41C1-95EF-840DA3A5D210}.Debug|Any CPU.ActiveCfg = Debug|Any CPU
		{3ECA78E0-46DF-41C1-95EF-840DA3A5D210}.Debug|Any CPU.Build.0 = Debug|Any CPU
		{3ECA78E0-46DF-41C1-95EF-840DA3A5D210}.Release|Any CPU.ActiveCfg = Release|Any CPU
		{3ECA78E0-46DF-41C1-95EF-840DA3A5D210}.Release|Any CPU.Build.0 = Release|Any CPU
		{3ECA78E0-46DF-41C1-95EF-840DA3A5D210}.Debug|iPhoneSimulator.ActiveCfg = Debug|Any CPU
		{3ECA78E0-46DF-41C1-95EF-840DA3A5D210}.Debug|iPhoneSimulator.Build.0 = Debug|Any CPU
		{3ECA78E0-46DF-41C1-95EF-840DA3A5D210}.Release|iPhoneSimulator.ActiveCfg = Release|Any CPU
		{3ECA78E0-46DF-41C1-95EF-840DA3A5D210}.Release|iPhoneSimulator.Build.0 = Release|Any CPU
		{3ECA78E0-46DF-41C1-95EF-840DA3A5D210}.Debug|iPhone.ActiveCfg = Debug|Any CPU
		{3ECA78E0-46DF-41C1-95EF-840DA3A5D210}.Debug|iPhone.Build.0 = Debug|Any CPU
		{3ECA78E0-46DF-41C1-95EF-840DA3A5D210}.Release|iPhone.ActiveCfg = Release|Any CPU
		{3ECA78E0-46DF-41C1-95EF-840DA3A5D210}.Release|iPhone.Build.0 = Release|Any CPU
		{3ECA78E0-46DF-41C1-95EF-840DA3A5D210}.Ad-Hoc|iPhone.ActiveCfg = Debug|Any CPU
		{3ECA78E0-46DF-41C1-95EF-840DA3A5D210}.Ad-Hoc|iPhone.Build.0 = Debug|Any CPU
		{3ECA78E0-46DF-41C1-95EF-840DA3A5D210}.AppStore|iPhone.ActiveCfg = Debug|Any CPU
		{3ECA78E0-46DF-41C1-95EF-840DA3A5D210}.AppStore|iPhone.Build.0 = Debug|Any CPU
	EndGlobalSection
EndGlobal
